
Microsoft Visual Studio Solution File, Format Version 12.00
# Visual Studio Version 16
VisualStudioVersion = 16.0.30804.86
MinimumVisualStudioVersion = 10.0.40219.1
Project("{9A19103F-16F7-4668-BE54-9A1E7A4F7556}") = "MaintenanceApp.Web", "MaintenanceApp.Web\MaintenanceApp.Web.csproj", "{3A9AFC2A-C5BC-436B-82BC-E7DD4E6BD061}"
EndProject
Project("{9A19103F-16F7-4668-BE54-9A1E7A4F7556}") = "MaintenanceApp.Data", "MaintenanceApp.Data\MaintenanceApp.Data.csproj", "{6F833D9D-FF70-4A72-A433-6B48454A08C2}"
EndProject
Global
	GlobalSection(SolutionConfigurationPlatforms) = preSolution
		Debug|Any CPU = Debug|Any CPU
		Release|Any CPU = Release|Any CPU
	EndGlobalSection
	GlobalSection(ProjectConfigurationPlatforms) = postSolution
		{3A9AFC2A-C5BC-436B-82BC-E7DD4E6BD061}.Debug|Any CPU.ActiveCfg = Debug|Any CPU
		{3A9AFC2A-C5BC-436B-82BC-E7DD4E6BD061}.Debug|Any CPU.Build.0 = Debug|Any CPU
		{3A9AFC2A-C5BC-436B-82BC-E7DD4E6BD061}.Release|Any CPU.ActiveCfg = Release|Any CPU
		{3A9AFC2A-C5BC-436B-82BC-E7DD4E6BD061}.Release|Any CPU.Build.0 = Release|Any CPU
		{6F833D9D-FF70-4A72-A433-6B48454A08C2}.Debug|Any CPU.ActiveCfg = Debug|Any CPU
		{6F833D9D-FF70-4A72-A433-6B48454A08C2}.Debug|Any CPU.Build.0 = Debug|Any CPU
		{6F833D9D-FF70-4A72-A433-6B48454A08C2}.Release|Any CPU.ActiveCfg = Release|Any CPU
		{6F833D9D-FF70-4A72-A433-6B48454A08C2}.Release|Any CPU.Build.0 = Release|Any CPU
	EndGlobalSection
	GlobalSection(SolutionProperties) = preSolution
		HideSolutionNode = FALSE
	EndGlobalSection
	GlobalSection(ExtensibilityGlobals) = postSolution
		SolutionGuid = {3B888220-0D28-46BF-8E85-7925BF33BB46}
	EndGlobalSection
EndGlobal
